
Microsoft Visual Studio Solution File, Format Version 12.00
# Visual Studio 15
VisualStudioVersion = 15.0.28010.2050
MinimumVisualStudioVersion = 10.0.40219.1
Project("{FAE04EC0-301F-11D3-BF4B-00C04F79EFBC}") = "TaskManager", "TaskManager\TaskManager.csproj", "{AEA947B2-D000-4E3C-98C7-99C5748E590C}"
EndProject
Global
	GlobalSection(SolutionConfigurationPlatforms) = preSolution
		Debug|Any CPU = Debug|Any CPU
		Release|Any CPU = Release|Any CPU
	EndGlobalSection
	GlobalSection(ProjectConfigurationPlatforms) = postSolution
		{AEA947B2-D000-4E3C-98C7-99C5748E590C}.Debug|Any CPU.ActiveCfg = Debug|Any CPU
		{AEA947B2-D000-4E3C-98C7-99C5748E590C}.Debug|Any CPU.Build.0 = Debug|Any CPU
		{AEA947B2-D000-4E3C-98C7-99C5748E590C}.Release|Any CPU.ActiveCfg = Release|Any CPU
		{AEA947B2-D000-4E3C-98C7-99C5748E590C}.Release|Any CPU.Build.0 = Release|Any CPU
	EndGlobalSection
	GlobalSection(SolutionProperties) = preSolution
		HideSolutionNode = FALSE
	EndGlobalSection
	GlobalSection(ExtensibilityGlobals) = postSolution
		SolutionGuid = {ECE32436-3005-4DB1-B4B4-8E14EB0A444E}
	EndGlobalSection
EndGlobal
